
Microsoft Visual Studio Solution File, Format Version 12.00
# Visual Studio Version 17
VisualStudioVersion = 17.14.36301.6 d17.14
MinimumVisualStudioVersion = 10.0.40219.1
Project("{FAE04EC0-301F-11D3-BF4B-00C04F79EFBC}") = "Tester", "Tester.csproj", "{472CAAD4-3831-4BF4-8E08-756FC3B07A6B}"
EndProject
Global
	GlobalSection(SolutionConfigurationPlatforms) = preSolution
		Debug|Any CPU = Debug|Any CPU
		Release|Any CPU = Release|Any CPU
	EndGlobalSection
	GlobalSection(ProjectConfigurationPlatforms) = postSolution
		{472CAAD4-3831-4BF4-8E08-756FC3B07A6B}.Debug|Any CPU.ActiveCfg = Debug|Any CPU
		{472CAAD4-3831-4BF4-8E08-756FC3B07A6B}.Debug|Any CPU.Build.0 = Debug|Any CPU
		{472CAAD4-3831-4BF4-8E08-756FC3B07A6B}.Release|Any CPU.ActiveCfg = Release|Any CPU
		{472CAAD4-3831-4BF4-8E08-756FC3B07A6B}.Release|Any CPU.Build.0 = Release|Any CPU
	EndGlobalSection
	GlobalSection(SolutionProperties) = preSolution
		HideSolutionNode = FALSE
	EndGlobalSection
	GlobalSection(ExtensibilityGlobals) = postSolution
		SolutionGuid = {37E5DAAB-AC4D-4307-BA92-A818922A8746}
	EndGlobalSection
EndGlobal
